NeoBundleLock agit.vim a953f125e1aea1fc2e5aa06f23378ba180b18e4a
NeoBundleLock emmet-vim 461700696ea317722c4a8d92a31a7267cdcc0bfb
NeoBundleLock im_control.vim 587191b93d47f3ba3e22849fbe12bf057c167826
NeoBundleLock neobundle.vim 26d03781886ed887e390d4ad8b935987754b1c2c
NeoBundleLock neomru.vim 79e6c9d04b75d67a1494435a4fb25573373cb1dc
NeoBundleLock open-browser.vim b900ff9d39bb36891704bd0fe76737ee3a7ac2b9
NeoBundleLock sass-compile.vim ef6b1cb63927b3d72329dfc098f4db668599fff0
NeoBundleLock search-parent.vim 2b1d7e0d0cc17ed175af6193d1fc0d9519d0850e
NeoBundleLock taglist.vim 53041fbc45398a9af631a20657e109707a455339
NeoBundleLock unite.vim e1d3bb9f836a8645807b790345b69666bf22bb2f
NeoBundleLock vim-altercmd 69b471b3b215bbebd2580d1663dc811f9a09b25a
NeoBundleLock vim-coffee-script 9e3b4de2a476caeb6ff21b5da20966d7c67a98bb
NeoBundleLock vim-css3-syntax c67661a5df5b5fb5edc61e959bfd1f15ba8a1318
NeoBundleLock vim-easy-align 12dd6316974f71ce333e360c0260b4e1f81169c3
NeoBundleLock vim-easymotion d75d9591e415652b25d9e0a3669355550325263d
NeoBundleLock vim-fugitive 1260de3b7d3b9cbc6c27d834b1f7b31ce266bc63
NeoBundleLock vim-javascript 7cc6baebaf0065fd8c31cc9216c87bfa543eb71a
NeoBundleLock vim-poslist a971f53bbf154543c4068061fdf1f7a19d953cbe
NeoBundleLock vim-ref b45d10f6d0c82e3afd17774626e952fde03274a1
NeoBundleLock vim-speeddating 95da3d72efc91a5131acf388eafa4b1ad6512a9b
NeoBundleLock vim-surround fab8621670f71637e9960003af28365129b1dfd0
NeoBundleLock vim-visualstar a18cd0e7a03311ac709595c1d261ed44b45c9098
NeoBundleLock vimdoc-ja 36b2578f384889dfc91e3a85d08e49641f826dd8
NeoBundleLock vimfiler.vim 7462c36234d80a2408591f1edfab761b65614448
NeoBundleLock vimproc 0328ac6096ac57d647bed1ee59c8b616b3ba2858
NeoBundleLock vimshell ee683538f57aaf5094db9860f67f4957a763ffb4
NeoBundleLock vinarise 38a422edb26afff8833d0e666fccd37919f4caf7
NeoBundleLock w3m.vim 228a852b188f1a62ecea55fa48b0ec892fa6bad7
NeoBundleLock webapi-vim 4d1e59c4fe01dec9d3008704dd06977a7bc3b0f2
